
Microsoft Visual Studio Solution File, Format Version 12.00
# Visual Studio Version 16
VisualStudioVersion = 16.0.30413.136
MinimumVisualStudioVersion = 10.0.40219.1
Project("{FAE04EC0-301F-11D3-BF4B-00C04F79EFBC}") = "C1_Writeline", "C1_Writeline\C1_Writeline.csproj", "{12404D09-1174-4924-8A48-450D68859394}"
EndProject
Project("{FAE04EC0-301F-11D3-BF4B-00C04F79EFBC}") = "C2_Readline", "C2_Readline\C2_Readline.csproj", "{428DF152-9844-4AEF-869A-8E276F9CD521}"
EndProject
Project("{FAE04EC0-301F-11D3-BF4B-00C04F79EFBC}") = "C3_WithAClass", "C3_WithAClass\C3_WithAClass.csproj", "{C26C75EF-5C2B-469E-9C7D-D2C2B0915187}"
EndProject
Project("{FAE04EC0-301F-11D3-BF4B-00C04F79EFBC}") = "C4_WithMethods", "c4_WithMethods\C4_WithMethods.csproj", "{27AC8D23-DB17-4164-A420-9977CC170786}"
EndProject
Project("{FAE04EC0-301F-11D3-BF4B-00C04F79EFBC}") = "C5_WithAgeClac", "C5_WithAgeClac\C5_WithAgeClac.csproj", "{65B8EA28-31DD-413A-8EB6-1E6B6C150A81}"
EndProject
Project("{FAE04EC0-301F-11D3-BF4B-00C04F79EFBC}") = "C6_GettersAndSetters", "GettersAndSetters\C6_GettersAndSetters.csproj", "{C3C6B6CF-5679-4A90-A6B3-A41FE864538C}"
EndProject
Project("{FAE04EC0-301F-11D3-BF4B-00C04F79EFBC}") = "C7_GettersAndSettersV2", "C7_GettersAndSettersV2\C7_GettersAndSettersV2.csproj", "{3B4A0D8B-C780-490E-8BC6-EE8ADF602414}"
EndProject
Project("{FAE04EC0-301F-11D3-BF4B-00C04F79EFBC}") = "C8_Arrays", "C8_Arrays\C8_Arrays.csproj", "{01AB8802-8043-4B7F-997A-B3BEF27C94F3}"
EndProject
Global
	GlobalSection(SolutionConfigurationPlatforms) = preSolution
		Debug|Any CPU = Debug|Any CPU
		Release|Any CPU = Release|Any CPU
	EndGlobalSection
	GlobalSection(ProjectConfigurationPlatforms) = postSolution
		{12404D09-1174-4924-8A48-450D68859394}.Debug|Any CPU.ActiveCfg = Debug|Any CPU
		{12404D09-1174-4924-8A48-450D68859394}.Debug|Any CPU.Build.0 = Debug|Any CPU
		{12404D09-1174-4924-8A48-450D68859394}.Release|Any CPU.ActiveCfg = Release|Any CPU
		{12404D09-1174-4924-8A48-450D68859394}.Release|Any CPU.Build.0 = Release|Any CPU
		{428DF152-9844-4AEF-869A-8E276F9CD521}.Debug|Any CPU.ActiveCfg = Debug|Any CPU
		{428DF152-9844-4AEF-869A-8E276F9CD521}.Debug|Any CPU.Build.0 = Debug|Any CPU
		{428DF152-9844-4AEF-869A-8E276F9CD521}.Release|Any CPU.ActiveCfg = Release|Any CPU
		{428DF152-9844-4AEF-869A-8E276F9CD521}.Release|Any CPU.Build.0 = Release|Any CPU
		{C26C75EF-5C2B-469E-9C7D-D2C2B0915187}.Debug|Any CPU.ActiveCfg = Debug|Any CPU
		{C26C75EF-5C2B-469E-9C7D-D2C2B0915187}.Debug|Any CPU.Build.0 = Debug|Any CPU
		{C26C75EF-5C2B-469E-9C7D-D2C2B0915187}.Release|Any CPU.ActiveCfg = Release|Any CPU
		{C26C75EF-5C2B-469E-9C7D-D2C2B0915187}.Release|Any CPU.Build.0 = Release|Any CPU
		{27AC8D23-DB17-4164-A420-9977CC170786}.Debug|Any CPU.ActiveCfg = Debug|Any CPU
		{27AC8D23-DB17-4164-A420-9977CC170786}.Debug|Any CPU.Build.0 = Debug|Any CPU
		{27AC8D23-DB17-4164-A420-9977CC170786}.Release|Any CPU.ActiveCfg = Release|Any CPU
		{27AC8D23-DB17-4164-A420-9977CC170786}.Release|Any CPU.Build.0 = Release|Any CPU
		{65B8EA28-31DD-413A-8EB6-1E6B6C150A81}.Debug|Any CPU.ActiveCfg = Debug|Any CPU
		{65B8EA28-31DD-413A-8EB6-1E6B6C150A81}.Debug|Any CPU.Build.0 = Debug|Any CPU
		{65B8EA28-31DD-413A-8EB6-1E6B6C150A81}.Release|Any CPU.ActiveCfg = Release|Any CPU
		{65B8EA28-31DD-413A-8EB6-1E6B6C150A81}.Release|Any CPU.Build.0 = Release|Any CPU
		{C3C6B6CF-5679-4A90-A6B3-A41FE864538C}.Debug|Any CPU.ActiveCfg = Debug|Any CPU
		{C3C6B6CF-5679-4A90-A6B3-A41FE864538C}.Debug|Any CPU.Build.0 = Debug|Any CPU
		{C3C6B6CF-5679-4A90-A6B3-A41FE864538C}.Release|Any CPU.ActiveCfg = Release|Any CPU
		{C3C6B6CF-5679-4A90-A6B3-A41FE864538C}.Release|Any CPU.Build.0 = Release|Any CPU
		{3B4A0D8B-C780-490E-8BC6-EE8ADF602414}.Debug|Any CPU.ActiveCfg = Debug|Any CPU
		{3B4A0D8B-C780-490E-8BC6-EE8ADF602414}.Debug|Any CPU.Build.0 = Debug|Any CPU
		{3B4A0D8B-C780-490E-8BC6-EE8ADF602414}.Release|Any CPU.ActiveCfg = Release|Any CPU
		{3B4A0D8B-C780-490E-8BC6-EE8ADF602414}.Release|Any CPU.Build.0 = Release|Any CPU
		{01AB8802-8043-4B7F-997A-B3BEF27C94F3}.Debug|Any CPU.ActiveCfg = Debug|Any CPU
		{01AB8802-8043-4B7F-997A-B3BEF27C94F3}.Debug|Any CPU.Build.0 = Debug|Any CPU
		{01AB8802-8043-4B7F-997A-B3BEF27C94F3}.Release|Any CPU.ActiveCfg = Release|Any CPU
		{01AB8802-8043-4B7F-997A-B3BEF27C94F3}.Release|Any CPU.Build.0 = Release|Any CPU
	EndGlobalSection
	GlobalSection(SolutionProperties) = preSolution
		HideSolutionNode = FALSE
	EndGlobalSection
	GlobalSection(ExtensibilityGlobals) = postSolution
		SolutionGuid = {FF937423-0171-445D-A535-45B4BFBFA50F}
	EndGlobalSection
EndGlobal
