
Microsoft Visual Studio Solution File, Format Version 12.00
# Visual Studio Version 16
VisualStudioVersion = 16.0.30413.136
MinimumVisualStudioVersion = 10.0.40219.1
Project("{9A19103F-16F7-4668-BE54-9A1E7A4F7556}") = "C1_Writeline", "C1_Writeline\C1_Writeline.csproj", "{12404D09-1174-4924-8A48-450D68859394}"
EndProject
Project("{9A19103F-16F7-4668-BE54-9A1E7A4F7556}") = "C2_Readline", "C2_Readline\C2_Readline.csproj", "{428DF152-9844-4AEF-869A-8E276F9CD521}"
EndProject
Project("{9A19103F-16F7-4668-BE54-9A1E7A4F7556}") = "C3_WithAClass", "C3_WithAClass\C3_WithAClass.csproj", "{C26C75EF-5C2B-469E-9C7D-D2C2B0915187}"
EndProject
Project("{9A19103F-16F7-4668-BE54-9A1E7A4F7556}") = "C4_WithMethods", "c4_WithMethods\C4_WithMethods.csproj", "{27AC8D23-DB17-4164-A420-9977CC170786}"
EndProject
Project("{9A19103F-16F7-4668-BE54-9A1E7A4F7556}") = "C5_WithAgeClac", "C5_WithAgeClac\C5_WithAgeClac.csproj", "{65B8EA28-31DD-413A-8EB6-1E6B6C150A81}"
EndProject
Project("{9A19103F-16F7-4668-BE54-9A1E7A4F7556}") = "C6_GettersAndSetters", "GettersAndSetters\C6_GettersAndSetters.csproj", "{C3C6B6CF-5679-4A90-A6B3-A41FE864538C}"
EndProject
Project("{9A19103F-16F7-4668-BE54-9A1E7A4F7556}") = "C7_GettersAndSettersV2", "C7_GettersAndSettersV2\C7_GettersAndSettersV2.csproj", "{3B4A0D8B-C780-490E-8BC6-EE8ADF602414}"
EndProject
Project("{9A19103F-16F7-4668-BE54-9A1E7A4F7556}") = "C8_Arrays", "C8_Arrays\C8_Arrays.csproj", "{01AB8802-8043-4B7F-997A-B3BEF27C94F3}"
EndProject
Project("{9A19103F-16F7-4668-BE54-9A1E7A4F7556}") = "C9_Lists", "C9_Lists\C9_Lists.csproj", "{63AF846E-47AA-414D-AAB1-C6FDF85BE6C2}"
EndProject
Project("{9A19103F-16F7-4668-BE54-9A1E7A4F7556}") = "C10_Struct", "C10_Struct\C10_Struct.csproj", "{FF18881B-3C72-4B31-AD89-434C23AE6F48}"
EndProject
Project("{9A19103F-16F7-4668-BE54-9A1E7A4F7556}") = "C11_Enum", "C11_Enum\C11_Enum.csproj", "{5307A173-D429-40FE-A99C-6ADF527756EF}"
EndProject
Project("{9A19103F-16F7-4668-BE54-9A1E7A4F7556}") = "C12_Interfaces_1", "C12_Interfaces_1\C12_Interfaces_1.csproj", "{884CFE43-8C26-4E98-BE7B-5F6E57C05E15}"
EndProject
Project("{9A19103F-16F7-4668-BE54-9A1E7A4F7556}") = "C13_Interfaces_2", "C13_Interfaces_2\C13_Interfaces_2.csproj", "{C16A67CA-4B38-4392-BD83-E8AD340FEF09}"
EndProject
Project("{9A19103F-16F7-4668-BE54-9A1E7A4F7556}") = "C14_Abstruct_1", "C14_Abstruct_1\C14_Abstruct_1.csproj", "{B065B619-2E94-4718-AF00-0D8FF2640DCA}"
EndProject
Project("{9A19103F-16F7-4668-BE54-9A1E7A4F7556}") = "C15_Abstruct_2", "C15_Abstruct_2\C15_Abstruct_2.csproj", "{4A44D8AE-B26A-4A3C-A293-771E7D0B8628}"
EndProject
Project("{FAE04EC0-301F-11D3-BF4B-00C04F79EFBC}") = "UWP1_AsyncAwait", "UWP1_AsyncAwait\UWP1_AsyncAwait.csproj", "{ABC7BEDD-49A0-4988-8AD4-505EE386672A}"
EndProject
Project("{FAE04EC0-301F-11D3-BF4B-00C04F79EFBC}") = "C16_WorkerService", "C16_WorkerService\C16_WorkerService.csproj", "{CEFE2052-19F8-4DB6-A1A8-6A9608AD1D09}"
EndProject
Global
	GlobalSection(SolutionConfigurationPlatforms) = preSolution
		Debug|Any CPU = Debug|Any CPU
		Debug|ARM = Debug|ARM
		Debug|ARM64 = Debug|ARM64
		Debug|x64 = Debug|x64
		Debug|x86 = Debug|x86
		Release|Any CPU = Release|Any CPU
		Release|ARM = Release|ARM
		Release|ARM64 = Release|ARM64
		Release|x64 = Release|x64
		Release|x86 = Release|x86
	EndGlobalSection
	GlobalSection(ProjectConfigurationPlatforms) = postSolution
		{12404D09-1174-4924-8A48-450D68859394}.Debug|Any CPU.ActiveCfg = Debug|Any CPU
		{12404D09-1174-4924-8A48-450D68859394}.Debug|Any CPU.Build.0 = Debug|Any CPU
		{12404D09-1174-4924-8A48-450D68859394}.Debug|ARM.ActiveCfg = Debug|Any CPU
		{12404D09-1174-4924-8A48-450D68859394}.Debug|ARM.Build.0 = Debug|Any CPU
		{12404D09-1174-4924-8A48-450D68859394}.Debug|ARM64.ActiveCfg = Debug|Any CPU
		{12404D09-1174-4924-8A48-450D68859394}.Debug|ARM64.Build.0 = Debug|Any CPU
		{12404D09-1174-4924-8A48-450D68859394}.Debug|x64.ActiveCfg = Debug|Any CPU
		{12404D09-1174-4924-8A48-450D68859394}.Debug|x64.Build.0 = Debug|Any CPU
		{12404D09-1174-4924-8A48-450D68859394}.Debug|x86.ActiveCfg = Debug|Any CPU
		{12404D09-1174-4924-8A48-450D68859394}.Debug|x86.Build.0 = Debug|Any CPU
		{12404D09-1174-4924-8A48-450D68859394}.Release|Any CPU.ActiveCfg = Release|Any CPU
		{12404D09-1174-4924-8A48-450D68859394}.Release|Any CPU.Build.0 = Release|Any CPU
		{12404D09-1174-4924-8A48-450D68859394}.Release|ARM.ActiveCfg = Release|Any CPU
		{12404D09-1174-4924-8A48-450D68859394}.Release|ARM.Build.0 = Release|Any CPU
		{12404D09-1174-4924-8A48-450D68859394}.Release|ARM64.ActiveCfg = Release|Any CPU
		{12404D09-1174-4924-8A48-450D68859394}.Release|ARM64.Build.0 = Release|Any CPU
		{12404D09-1174-4924-8A48-450D68859394}.Release|x64.ActiveCfg = Release|Any CPU
		{12404D09-1174-4924-8A48-450D68859394}.Release|x64.Build.0 = Release|Any CPU
		{12404D09-1174-4924-8A48-450D68859394}.Release|x86.ActiveCfg = Release|Any CPU
		{12404D09-1174-4924-8A48-450D68859394}.Release|x86.Build.0 = Release|Any CPU
		{428DF152-9844-4AEF-869A-8E276F9CD521}.Debug|Any CPU.ActiveCfg = Debug|Any CPU
		{428DF152-9844-4AEF-869A-8E276F9CD521}.Debug|Any CPU.Build.0 = Debug|Any CPU
		{428DF152-9844-4AEF-869A-8E276F9CD521}.Debug|ARM.ActiveCfg = Debug|Any CPU
		{428DF152-9844-4AEF-869A-8E276F9CD521}.Debug|ARM.Build.0 = Debug|Any CPU
		{428DF152-9844-4AEF-869A-8E276F9CD521}.Debug|ARM64.ActiveCfg = Debug|Any CPU
		{428DF152-9844-4AEF-869A-8E276F9CD521}.Debug|ARM64.Build.0 = Debug|Any CPU
		{428DF152-9844-4AEF-869A-8E276F9CD521}.Debug|x64.ActiveCfg = Debug|Any CPU
		{428DF152-9844-4AEF-869A-8E276F9CD521}.Debug|x64.Build.0 = Debug|Any CPU
		{428DF152-9844-4AEF-869A-8E276F9CD521}.Debug|x86.ActiveCfg = Debug|Any CPU
		{428DF152-9844-4AEF-869A-8E276F9CD521}.Debug|x86.Build.0 = Debug|Any CPU
		{428DF152-9844-4AEF-869A-8E276F9CD521}.Release|Any CPU.ActiveCfg = Release|Any CPU
		{428DF152-9844-4AEF-869A-8E276F9CD521}.Release|Any CPU.Build.0 = Release|Any CPU
		{428DF152-9844-4AEF-869A-8E276F9CD521}.Release|ARM.ActiveCfg = Release|Any CPU
		{428DF152-9844-4AEF-869A-8E276F9CD521}.Release|ARM.Build.0 = Release|Any CPU
		{428DF152-9844-4AEF-869A-8E276F9CD521}.Release|ARM64.ActiveCfg = Release|Any CPU
		{428DF152-9844-4AEF-869A-8E276F9CD521}.Release|ARM64.Build.0 = Release|Any CPU
		{428DF152-9844-4AEF-869A-8E276F9CD521}.Release|x64.ActiveCfg = Release|Any CPU
		{428DF152-9844-4AEF-869A-8E276F9CD521}.Release|x64.Build.0 = Release|Any CPU
		{428DF152-9844-4AEF-869A-8E276F9CD521}.Release|x86.ActiveCfg = Release|Any CPU
		{428DF152-9844-4AEF-869A-8E276F9CD521}.Release|x86.Build.0 = Release|Any CPU
		{C26C75EF-5C2B-469E-9C7D-D2C2B0915187}.Debug|Any CPU.ActiveCfg = Debug|Any CPU
		{C26C75EF-5C2B-469E-9C7D-D2C2B0915187}.Debug|Any CPU.Build.0 = Debug|Any CPU
		{C26C75EF-5C2B-469E-9C7D-D2C2B0915187}.Debug|ARM.ActiveCfg = Debug|Any CPU
		{C26C75EF-5C2B-469E-9C7D-D2C2B0915187}.Debug|ARM.Build.0 = Debug|Any CPU
		{C26C75EF-5C2B-469E-9C7D-D2C2B0915187}.Debug|ARM64.ActiveCfg = Debug|Any CPU
		{C26C75EF-5C2B-469E-9C7D-D2C2B0915187}.Debug|ARM64.Build.0 = Debug|Any CPU
		{C26C75EF-5C2B-469E-9C7D-D2C2B0915187}.Debug|x64.ActiveCfg = Debug|Any CPU
		{C26C75EF-5C2B-469E-9C7D-D2C2B0915187}.Debug|x64.Build.0 = Debug|Any CPU
		{C26C75EF-5C2B-469E-9C7D-D2C2B0915187}.Debug|x86.ActiveCfg = Debug|Any CPU
		{C26C75EF-5C2B-469E-9C7D-D2C2B0915187}.Debug|x86.Build.0 = Debug|Any CPU
		{C26C75EF-5C2B-469E-9C7D-D2C2B0915187}.Release|Any CPU.ActiveCfg = Release|Any CPU
		{C26C75EF-5C2B-469E-9C7D-D2C2B0915187}.Release|Any CPU.Build.0 = Release|Any CPU
		{C26C75EF-5C2B-469E-9C7D-D2C2B0915187}.Release|ARM.ActiveCfg = Release|Any CPU
		{C26C75EF-5C2B-469E-9C7D-D2C2B0915187}.Release|ARM.Build.0 = Release|Any CPU
		{C26C75EF-5C2B-469E-9C7D-D2C2B0915187}.Release|ARM64.ActiveCfg = Release|Any CPU
		{C26C75EF-5C2B-469E-9C7D-D2C2B0915187}.Release|ARM64.Build.0 = Release|Any CPU
		{C26C75EF-5C2B-469E-9C7D-D2C2B0915187}.Release|x64.ActiveCfg = Release|Any CPU
		{C26C75EF-5C2B-469E-9C7D-D2C2B0915187}.Release|x64.Build.0 = Release|Any CPU
		{C26C75EF-5C2B-469E-9C7D-D2C2B0915187}.Release|x86.ActiveCfg = Release|Any CPU
		{C26C75EF-5C2B-469E-9C7D-D2C2B0915187}.Release|x86.Build.0 = Release|Any CPU
		{27AC8D23-DB17-4164-A420-9977CC170786}.Debug|Any CPU.ActiveCfg = Debug|Any CPU
		{27AC8D23-DB17-4164-A420-9977CC170786}.Debug|Any CPU.Build.0 = Debug|Any CPU
		{27AC8D23-DB17-4164-A420-9977CC170786}.Debug|ARM.ActiveCfg = Debug|Any CPU
		{27AC8D23-DB17-4164-A420-9977CC170786}.Debug|ARM.Build.0 = Debug|Any CPU
		{27AC8D23-DB17-4164-A420-9977CC170786}.Debug|ARM64.ActiveCfg = Debug|Any CPU
		{27AC8D23-DB17-4164-A420-9977CC170786}.Debug|ARM64.Build.0 = Debug|Any CPU
		{27AC8D23-DB17-4164-A420-9977CC170786}.Debug|x64.ActiveCfg = Debug|Any CPU
		{27AC8D23-DB17-4164-A420-9977CC170786}.Debug|x64.Build.0 = Debug|Any CPU
		{27AC8D23-DB17-4164-A420-9977CC170786}.Debug|x86.ActiveCfg = Debug|Any CPU
		{27AC8D23-DB17-4164-A420-9977CC170786}.Debug|x86.Build.0 = Debug|Any CPU
		{27AC8D23-DB17-4164-A420-9977CC170786}.Release|Any CPU.ActiveCfg = Release|Any CPU
		{27AC8D23-DB17-4164-A420-9977CC170786}.Release|Any CPU.Build.0 = Release|Any CPU
		{27AC8D23-DB17-4164-A420-9977CC170786}.Release|ARM.ActiveCfg = Release|Any CPU
		{27AC8D23-DB17-4164-A420-9977CC170786}.Release|ARM.Build.0 = Release|Any CPU
		{27AC8D23-DB17-4164-A420-9977CC170786}.Release|ARM64.ActiveCfg = Release|Any CPU
		{27AC8D23-DB17-4164-A420-9977CC170786}.Release|ARM64.Build.0 = Release|Any CPU
		{27AC8D23-DB17-4164-A420-9977CC170786}.Release|x64.ActiveCfg = Release|Any CPU
		{27AC8D23-DB17-4164-A420-9977CC170786}.Release|x64.Build.0 = Release|Any CPU
		{27AC8D23-DB17-4164-A420-9977CC170786}.Release|x86.ActiveCfg = Release|Any CPU
		{27AC8D23-DB17-4164-A420-9977CC170786}.Release|x86.Build.0 = Release|Any CPU
		{65B8EA28-31DD-413A-8EB6-1E6B6C150A81}.Debug|Any CPU.ActiveCfg = Debug|Any CPU
		{65B8EA28-31DD-413A-8EB6-1E6B6C150A81}.Debug|Any CPU.Build.0 = Debug|Any CPU
		{65B8EA28-31DD-413A-8EB6-1E6B6C150A81}.Debug|ARM.ActiveCfg = Debug|Any CPU
		{65B8EA28-31DD-413A-8EB6-1E6B6C150A81}.Debug|ARM.Build.0 = Debug|Any CPU
		{65B8EA28-31DD-413A-8EB6-1E6B6C150A81}.Debug|ARM64.ActiveCfg = Debug|Any CPU
		{65B8EA28-31DD-413A-8EB6-1E6B6C150A81}.Debug|ARM64.Build.0 = Debug|Any CPU
		{65B8EA28-31DD-413A-8EB6-1E6B6C150A81}.Debug|x64.ActiveCfg = Debug|Any CPU
		{65B8EA28-31DD-413A-8EB6-1E6B6C150A81}.Debug|x64.Build.0 = Debug|Any CPU
		{65B8EA28-31DD-413A-8EB6-1E6B6C150A81}.Debug|x86.ActiveCfg = Debug|Any CPU
		{65B8EA28-31DD-413A-8EB6-1E6B6C150A81}.Debug|x86.Build.0 = Debug|Any CPU
		{65B8EA28-31DD-413A-8EB6-1E6B6C150A81}.Release|Any CPU.ActiveCfg = Release|Any CPU
		{65B8EA28-31DD-413A-8EB6-1E6B6C150A81}.Release|Any CPU.Build.0 = Release|Any CPU
		{65B8EA28-31DD-413A-8EB6-1E6B6C150A81}.Release|ARM.ActiveCfg = Release|Any CPU
		{65B8EA28-31DD-413A-8EB6-1E6B6C150A81}.Release|ARM.Build.0 = Release|Any CPU
		{65B8EA28-31DD-413A-8EB6-1E6B6C150A81}.Release|ARM64.ActiveCfg = Release|Any CPU
		{65B8EA28-31DD-413A-8EB6-1E6B6C150A81}.Release|ARM64.Build.0 = Release|Any CPU
		{65B8EA28-31DD-413A-8EB6-1E6B6C150A81}.Release|x64.ActiveCfg = Release|Any CPU
		{65B8EA28-31DD-413A-8EB6-1E6B6C150A81}.Release|x64.Build.0 = Release|Any CPU
		{65B8EA28-31DD-413A-8EB6-1E6B6C150A81}.Release|x86.ActiveCfg = Release|Any CPU
		{65B8EA28-31DD-413A-8EB6-1E6B6C150A81}.Release|x86.Build.0 = Release|Any CPU
		{C3C6B6CF-5679-4A90-A6B3-A41FE864538C}.Debug|Any CPU.ActiveCfg = Debug|Any CPU
		{C3C6B6CF-5679-4A90-A6B3-A41FE864538C}.Debug|Any CPU.Build.0 = Debug|Any CPU
		{C3C6B6CF-5679-4A90-A6B3-A41FE864538C}.Debug|ARM.ActiveCfg = Debug|Any CPU
		{C3C6B6CF-5679-4A90-A6B3-A41FE864538C}.Debug|ARM.Build.0 = Debug|Any CPU
		{C3C6B6CF-5679-4A90-A6B3-A41FE864538C}.Debug|ARM64.ActiveCfg = Debug|Any CPU
		{C3C6B6CF-5679-4A90-A6B3-A41FE864538C}.Debug|ARM64.Build.0 = Debug|Any CPU
		{C3C6B6CF-5679-4A90-A6B3-A41FE864538C}.Debug|x64.ActiveCfg = Debug|Any CPU
		{C3C6B6CF-5679-4A90-A6B3-A41FE864538C}.Debug|x64.Build.0 = Debug|Any CPU
		{C3C6B6CF-5679-4A90-A6B3-A41FE864538C}.Debug|x86.ActiveCfg = Debug|Any CPU
		{C3C6B6CF-5679-4A90-A6B3-A41FE864538C}.Debug|x86.Build.0 = Debug|Any CPU
		{C3C6B6CF-5679-4A90-A6B3-A41FE864538C}.Release|Any CPU.ActiveCfg = Release|Any CPU
		{C3C6B6CF-5679-4A90-A6B3-A41FE864538C}.Release|Any CPU.Build.0 = Release|Any CPU
		{C3C6B6CF-5679-4A90-A6B3-A41FE864538C}.Release|ARM.ActiveCfg = Release|Any CPU
		{C3C6B6CF-5679-4A90-A6B3-A41FE864538C}.Release|ARM.Build.0 = Release|Any CPU
		{C3C6B6CF-5679-4A90-A6B3-A41FE864538C}.Release|ARM64.ActiveCfg = Release|Any CPU
		{C3C6B6CF-5679-4A90-A6B3-A41FE864538C}.Release|ARM64.Build.0 = Release|Any CPU
		{C3C6B6CF-5679-4A90-A6B3-A41FE864538C}.Release|x64.ActiveCfg = Release|Any CPU
		{C3C6B6CF-5679-4A90-A6B3-A41FE864538C}.Release|x64.Build.0 = Release|Any CPU
		{C3C6B6CF-5679-4A90-A6B3-A41FE864538C}.Release|x86.ActiveCfg = Release|Any CPU
		{C3C6B6CF-5679-4A90-A6B3-A41FE864538C}.Release|x86.Build.0 = Release|Any CPU
		{3B4A0D8B-C780-490E-8BC6-EE8ADF602414}.Debug|Any CPU.ActiveCfg = Debug|Any CPU
		{3B4A0D8B-C780-490E-8BC6-EE8ADF602414}.Debug|Any CPU.Build.0 = Debug|Any CPU
		{3B4A0D8B-C780-490E-8BC6-EE8ADF602414}.Debug|ARM.ActiveCfg = Debug|Any CPU
		{3B4A0D8B-C780-490E-8BC6-EE8ADF602414}.Debug|ARM.Build.0 = Debug|Any CPU
		{3B4A0D8B-C780-490E-8BC6-EE8ADF602414}.Debug|ARM64.ActiveCfg = Debug|Any CPU
		{3B4A0D8B-C780-490E-8BC6-EE8ADF602414}.Debug|ARM64.Build.0 = Debug|Any CPU
		{3B4A0D8B-C780-490E-8BC6-EE8ADF602414}.Debug|x64.ActiveCfg = Debug|Any CPU
		{3B4A0D8B-C780-490E-8BC6-EE8ADF602414}.Debug|x64.Build.0 = Debug|Any CPU
		{3B4A0D8B-C780-490E-8BC6-EE8ADF602414}.Debug|x86.ActiveCfg = Debug|Any CPU
		{3B4A0D8B-C780-490E-8BC6-EE8ADF602414}.Debug|x86.Build.0 = Debug|Any CPU
		{3B4A0D8B-C780-490E-8BC6-EE8ADF602414}.Release|Any CPU.ActiveCfg = Release|Any CPU
		{3B4A0D8B-C780-490E-8BC6-EE8ADF602414}.Release|Any CPU.Build.0 = Release|Any CPU
		{3B4A0D8B-C780-490E-8BC6-EE8ADF602414}.Release|ARM.ActiveCfg = Release|Any CPU
		{3B4A0D8B-C780-490E-8BC6-EE8ADF602414}.Release|ARM.Build.0 = Release|Any CPU
		{3B4A0D8B-C780-490E-8BC6-EE8ADF602414}.Release|ARM64.ActiveCfg = Release|Any CPU
		{3B4A0D8B-C780-490E-8BC6-EE8ADF602414}.Release|ARM64.Build.0 = Release|Any CPU
		{3B4A0D8B-C780-490E-8BC6-EE8ADF602414}.Release|x64.ActiveCfg = Release|Any CPU
		{3B4A0D8B-C780-490E-8BC6-EE8ADF602414}.Release|x64.Build.0 = Release|Any CPU
		{3B4A0D8B-C780-490E-8BC6-EE8ADF602414}.Release|x86.ActiveCfg = Release|Any CPU
		{3B4A0D8B-C780-490E-8BC6-EE8ADF602414}.Release|x86.Build.0 = Release|Any CPU
		{01AB8802-8043-4B7F-997A-B3BEF27C94F3}.Debug|Any CPU.ActiveCfg = Debug|Any CPU
		{01AB8802-8043-4B7F-997A-B3BEF27C94F3}.Debug|Any CPU.Build.0 = Debug|Any CPU
		{01AB8802-8043-4B7F-997A-B3BEF27C94F3}.Debug|ARM.ActiveCfg = Debug|Any CPU
		{01AB8802-8043-4B7F-997A-B3BEF27C94F3}.Debug|ARM.Build.0 = Debug|Any CPU
		{01AB8802-8043-4B7F-997A-B3BEF27C94F3}.Debug|ARM64.ActiveCfg = Debug|Any CPU
		{01AB8802-8043-4B7F-997A-B3BEF27C94F3}.Debug|ARM64.Build.0 = Debug|Any CPU
		{01AB8802-8043-4B7F-997A-B3BEF27C94F3}.Debug|x64.ActiveCfg = Debug|Any CPU
		{01AB8802-8043-4B7F-997A-B3BEF27C94F3}.Debug|x64.Build.0 = Debug|Any CPU
		{01AB8802-8043-4B7F-997A-B3BEF27C94F3}.Debug|x86.ActiveCfg = Debug|Any CPU
		{01AB8802-8043-4B7F-997A-B3BEF27C94F3}.Debug|x86.Build.0 = Debug|Any CPU
		{01AB8802-8043-4B7F-997A-B3BEF27C94F3}.Release|Any CPU.ActiveCfg = Release|Any CPU
		{01AB8802-8043-4B7F-997A-B3BEF27C94F3}.Release|Any CPU.Build.0 = Release|Any CPU
		{01AB8802-8043-4B7F-997A-B3BEF27C94F3}.Release|ARM.ActiveCfg = Release|Any CPU
		{01AB8802-8043-4B7F-997A-B3BEF27C94F3}.Release|ARM.Build.0 = Release|Any CPU
		{01AB8802-8043-4B7F-997A-B3BEF27C94F3}.Release|ARM64.ActiveCfg = Release|Any CPU
		{01AB8802-8043-4B7F-997A-B3BEF27C94F3}.Release|ARM64.Build.0 = Release|Any CPU
		{01AB8802-8043-4B7F-997A-B3BEF27C94F3}.Release|x64.ActiveCfg = Release|Any CPU
		{01AB8802-8043-4B7F-997A-B3BEF27C94F3}.Release|x64.Build.0 = Release|Any CPU
		{01AB8802-8043-4B7F-997A-B3BEF27C94F3}.Release|x86.ActiveCfg = Release|Any CPU
		{01AB8802-8043-4B7F-997A-B3BEF27C94F3}.Release|x86.Build.0 = Release|Any CPU
		{63AF846E-47AA-414D-AAB1-C6FDF85BE6C2}.Debug|Any CPU.ActiveCfg = Debug|Any CPU
		{63AF846E-47AA-414D-AAB1-C6FDF85BE6C2}.Debug|Any CPU.Build.0 = Debug|Any CPU
		{63AF846E-47AA-414D-AAB1-C6FDF85BE6C2}.Debug|ARM.ActiveCfg = Debug|Any CPU
		{63AF846E-47AA-414D-AAB1-C6FDF85BE6C2}.Debug|ARM.Build.0 = Debug|Any CPU
		{63AF846E-47AA-414D-AAB1-C6FDF85BE6C2}.Debug|ARM64.ActiveCfg = Debug|Any CPU
		{63AF846E-47AA-414D-AAB1-C6FDF85BE6C2}.Debug|ARM64.Build.0 = Debug|Any CPU
		{63AF846E-47AA-414D-AAB1-C6FDF85BE6C2}.Debug|x64.ActiveCfg = Debug|Any CPU
		{63AF846E-47AA-414D-AAB1-C6FDF85BE6C2}.Debug|x64.Build.0 = Debug|Any CPU
		{63AF846E-47AA-414D-AAB1-C6FDF85BE6C2}.Debug|x86.ActiveCfg = Debug|Any CPU
		{63AF846E-47AA-414D-AAB1-C6FDF85BE6C2}.Debug|x86.Build.0 = Debug|Any CPU
		{63AF846E-47AA-414D-AAB1-C6FDF85BE6C2}.Release|Any CPU.ActiveCfg = Release|Any CPU
		{63AF846E-47AA-414D-AAB1-C6FDF85BE6C2}.Release|Any CPU.Build.0 = Release|Any CPU
		{63AF846E-47AA-414D-AAB1-C6FDF85BE6C2}.Release|ARM.ActiveCfg = Release|Any CPU
		{63AF846E-47AA-414D-AAB1-C6FDF85BE6C2}.Release|ARM.Build.0 = Release|Any CPU
		{63AF846E-47AA-414D-AAB1-C6FDF85BE6C2}.Release|ARM64.ActiveCfg = Release|Any CPU
		{63AF846E-47AA-414D-AAB1-C6FDF85BE6C2}.Release|ARM64.Build.0 = Release|Any CPU
		{63AF846E-47AA-414D-AAB1-C6FDF85BE6C2}.Release|x64.ActiveCfg = Release|Any CPU
		{63AF846E-47AA-414D-AAB1-C6FDF85BE6C2}.Release|x64.Build.0 = Release|Any CPU
		{63AF846E-47AA-414D-AAB1-C6FDF85BE6C2}.Release|x86.ActiveCfg = Release|Any CPU
		{63AF846E-47AA-414D-AAB1-C6FDF85BE6C2}.Release|x86.Build.0 = Release|Any CPU
		{FF18881B-3C72-4B31-AD89-434C23AE6F48}.Debug|Any CPU.ActiveCfg = Debug|Any CPU
		{FF18881B-3C72-4B31-AD89-434C23AE6F48}.Debug|Any CPU.Build.0 = Debug|Any CPU
		{FF18881B-3C72-4B31-AD89-434C23AE6F48}.Debug|ARM.ActiveCfg = Debug|Any CPU
		{FF18881B-3C72-4B31-AD89-434C23AE6F48}.Debug|ARM.Build.0 = Debug|Any CPU
		{FF18881B-3C72-4B31-AD89-434C23AE6F48}.Debug|ARM64.ActiveCfg = Debug|Any CPU
		{FF18881B-3C72-4B31-AD89-434C23AE6F48}.Debug|ARM64.Build.0 = Debug|Any CPU
		{FF18881B-3C72-4B31-AD89-434C23AE6F48}.Debug|x64.ActiveCfg = Debug|Any CPU
		{FF18881B-3C72-4B31-AD89-434C23AE6F48}.Debug|x64.Build.0 = Debug|Any CPU
		{FF18881B-3C72-4B31-AD89-434C23AE6F48}.Debug|x86.ActiveCfg = Debug|Any CPU
		{FF18881B-3C72-4B31-AD89-434C23AE6F48}.Debug|x86.Build.0 = Debug|Any CPU
		{FF18881B-3C72-4B31-AD89-434C23AE6F48}.Release|Any CPU.ActiveCfg = Release|Any CPU
		{FF18881B-3C72-4B31-AD89-434C23AE6F48}.Release|Any CPU.Build.0 = Release|Any CPU
		{FF18881B-3C72-4B31-AD89-434C23AE6F48}.Release|ARM.ActiveCfg = Release|Any CPU
		{FF18881B-3C72-4B31-AD89-434C23AE6F48}.Release|ARM.Build.0 = Release|Any CPU
		{FF18881B-3C72-4B31-AD89-434C23AE6F48}.Release|ARM64.ActiveCfg = Release|Any CPU
		{FF18881B-3C72-4B31-AD89-434C23AE6F48}.Release|ARM64.Build.0 = Release|Any CPU
		{FF18881B-3C72-4B31-AD89-434C23AE6F48}.Release|x64.ActiveCfg = Release|Any CPU
		{FF18881B-3C72-4B31-AD89-434C23AE6F48}.Release|x64.Build.0 = Release|Any CPU
		{FF18881B-3C72-4B31-AD89-434C23AE6F48}.Release|x86.ActiveCfg = Release|Any CPU
		{FF18881B-3C72-4B31-AD89-434C23AE6F48}.Release|x86.Build.0 = Release|Any CPU
		{5307A173-D429-40FE-A99C-6ADF527756EF}.Debug|Any CPU.ActiveCfg = Debug|Any CPU
		{5307A173-D429-40FE-A99C-6ADF527756EF}.Debug|Any CPU.Build.0 = Debug|Any CPU
		{5307A173-D429-40FE-A99C-6ADF527756EF}.Debug|ARM.ActiveCfg = Debug|Any CPU
		{5307A173-D429-40FE-A99C-6ADF527756EF}.Debug|ARM.Build.0 = Debug|Any CPU
		{5307A173-D429-40FE-A99C-6ADF527756EF}.Debug|ARM64.ActiveCfg = Debug|Any CPU
		{5307A173-D429-40FE-A99C-6ADF527756EF}.Debug|ARM64.Build.0 = Debug|Any CPU
		{5307A173-D429-40FE-A99C-6ADF527756EF}.Debug|x64.ActiveCfg = Debug|Any CPU
		{5307A173-D429-40FE-A99C-6ADF527756EF}.Debug|x64.Build.0 = Debug|Any CPU
		{5307A173-D429-40FE-A99C-6ADF527756EF}.Debug|x86.ActiveCfg = Debug|Any CPU
		{5307A173-D429-40FE-A99C-6ADF527756EF}.Debug|x86.Build.0 = Debug|Any CPU
		{5307A173-D429-40FE-A99C-6ADF527756EF}.Release|Any CPU.ActiveCfg = Release|Any CPU
		{5307A173-D429-40FE-A99C-6ADF527756EF}.Release|Any CPU.Build.0 = Release|Any CPU
		{5307A173-D429-40FE-A99C-6ADF527756EF}.Release|ARM.ActiveCfg = Release|Any CPU
		{5307A173-D429-40FE-A99C-6ADF527756EF}.Release|ARM.Build.0 = Release|Any CPU
		{5307A173-D429-40FE-A99C-6ADF527756EF}.Release|ARM64.ActiveCfg = Release|Any CPU
		{5307A173-D429-40FE-A99C-6ADF527756EF}.Release|ARM64.Build.0 = Release|Any CPU
		{5307A173-D429-40FE-A99C-6ADF527756EF}.Release|x64.ActiveCfg = Release|Any CPU
		{5307A173-D429-40FE-A99C-6ADF527756EF}.Release|x64.Build.0 = Release|Any CPU
		{5307A173-D429-40FE-A99C-6ADF527756EF}.Release|x86.ActiveCfg = Release|Any CPU
		{5307A173-D429-40FE-A99C-6ADF527756EF}.Release|x86.Build.0 = Release|Any CPU
		{884CFE43-8C26-4E98-BE7B-5F6E57C05E15}.Debug|Any CPU.ActiveCfg = Debug|Any CPU
		{884CFE43-8C26-4E98-BE7B-5F6E57C05E15}.Debug|Any CPU.Build.0 = Debug|Any CPU
		{884CFE43-8C26-4E98-BE7B-5F6E57C05E15}.Debug|ARM.ActiveCfg = Debug|Any CPU
		{884CFE43-8C26-4E98-BE7B-5F6E57C05E15}.Debug|ARM.Build.0 = Debug|Any CPU
		{884CFE43-8C26-4E98-BE7B-5F6E57C05E15}.Debug|ARM64.ActiveCfg = Debug|Any CPU
		{884CFE43-8C26-4E98-BE7B-5F6E57C05E15}.Debug|ARM64.Build.0 = Debug|Any CPU
		{884CFE43-8C26-4E98-BE7B-5F6E57C05E15}.Debug|x64.ActiveCfg = Debug|Any CPU
		{884CFE43-8C26-4E98-BE7B-5F6E57C05E15}.Debug|x64.Build.0 = Debug|Any CPU
		{884CFE43-8C26-4E98-BE7B-5F6E57C05E15}.Debug|x86.ActiveCfg = Debug|Any CPU
		{884CFE43-8C26-4E98-BE7B-5F6E57C05E15}.Debug|x86.Build.0 = Debug|Any CPU
		{884CFE43-8C26-4E98-BE7B-5F6E57C05E15}.Release|Any CPU.ActiveCfg = Release|Any CPU
		{884CFE43-8C26-4E98-BE7B-5F6E57C05E15}.Release|Any CPU.Build.0 = Release|Any CPU
		{884CFE43-8C26-4E98-BE7B-5F6E57C05E15}.Release|ARM.ActiveCfg = Release|Any CPU
		{884CFE43-8C26-4E98-BE7B-5F6E57C05E15}.Release|ARM.Build.0 = Release|Any CPU
		{884CFE43-8C26-4E98-BE7B-5F6E57C05E15}.Release|ARM64.ActiveCfg = Release|Any CPU
		{884CFE43-8C26-4E98-BE7B-5F6E57C05E15}.Release|ARM64.Build.0 = Release|Any CPU
		{884CFE43-8C26-4E98-BE7B-5F6E57C05E15}.Release|x64.ActiveCfg = Release|Any CPU
		{884CFE43-8C26-4E98-BE7B-5F6E57C05E15}.Release|x64.Build.0 = Release|Any CPU
		{884CFE43-8C26-4E98-BE7B-5F6E57C05E15}.Release|x86.ActiveCfg = Release|Any CPU
		{884CFE43-8C26-4E98-BE7B-5F6E57C05E15}.Release|x86.Build.0 = Release|Any CPU
		{C16A67CA-4B38-4392-BD83-E8AD340FEF09}.Debug|Any CPU.ActiveCfg = Debug|Any CPU
		{C16A67CA-4B38-4392-BD83-E8AD340FEF09}.Debug|Any CPU.Build.0 = Debug|Any CPU
		{C16A67CA-4B38-4392-BD83-E8AD340FEF09}.Debug|ARM.ActiveCfg = Debug|Any CPU
		{C16A67CA-4B38-4392-BD83-E8AD340FEF09}.Debug|ARM.Build.0 = Debug|Any CPU
		{C16A67CA-4B38-4392-BD83-E8AD340FEF09}.Debug|ARM64.ActiveCfg = Debug|Any CPU
		{C16A67CA-4B38-4392-BD83-E8AD340FEF09}.Debug|ARM64.Build.0 = Debug|Any CPU
		{C16A67CA-4B38-4392-BD83-E8AD340FEF09}.Debug|x64.ActiveCfg = Debug|Any CPU
		{C16A67CA-4B38-4392-BD83-E8AD340FEF09}.Debug|x64.Build.0 = Debug|Any CPU
		{C16A67CA-4B38-4392-BD83-E8AD340FEF09}.Debug|x86.ActiveCfg = Debug|Any CPU
		{C16A67CA-4B38-4392-BD83-E8AD340FEF09}.Debug|x86.Build.0 = Debug|Any CPU
		{C16A67CA-4B38-4392-BD83-E8AD340FEF09}.Release|Any CPU.ActiveCfg = Release|Any CPU
		{C16A67CA-4B38-4392-BD83-E8AD340FEF09}.Release|Any CPU.Build.0 = Release|Any CPU
		{C16A67CA-4B38-4392-BD83-E8AD340FEF09}.Release|ARM.ActiveCfg = Release|Any CPU
		{C16A67CA-4B38-4392-BD83-E8AD340FEF09}.Release|ARM.Build.0 = Release|Any CPU
		{C16A67CA-4B38-4392-BD83-E8AD340FEF09}.Release|ARM64.ActiveCfg = Release|Any CPU
		{C16A67CA-4B38-4392-BD83-E8AD340FEF09}.Release|ARM64.Build.0 = Release|Any CPU
		{C16A67CA-4B38-4392-BD83-E8AD340FEF09}.Release|x64.ActiveCfg = Release|Any CPU
		{C16A67CA-4B38-4392-BD83-E8AD340FEF09}.Release|x64.Build.0 = Release|Any CPU
		{C16A67CA-4B38-4392-BD83-E8AD340FEF09}.Release|x86.ActiveCfg = Release|Any CPU
		{C16A67CA-4B38-4392-BD83-E8AD340FEF09}.Release|x86.Build.0 = Release|Any CPU
		{B065B619-2E94-4718-AF00-0D8FF2640DCA}.Debug|Any CPU.ActiveCfg = Debug|Any CPU
		{B065B619-2E94-4718-AF00-0D8FF2640DCA}.Debug|Any CPU.Build.0 = Debug|Any CPU
		{B065B619-2E94-4718-AF00-0D8FF2640DCA}.Debug|ARM.ActiveCfg = Debug|Any CPU
		{B065B619-2E94-4718-AF00-0D8FF2640DCA}.Debug|ARM.Build.0 = Debug|Any CPU
		{B065B619-2E94-4718-AF00-0D8FF2640DCA}.Debug|ARM64.ActiveCfg = Debug|Any CPU
		{B065B619-2E94-4718-AF00-0D8FF2640DCA}.Debug|ARM64.Build.0 = Debug|Any CPU
		{B065B619-2E94-4718-AF00-0D8FF2640DCA}.Debug|x64.ActiveCfg = Debug|Any CPU
		{B065B619-2E94-4718-AF00-0D8FF2640DCA}.Debug|x64.Build.0 = Debug|Any CPU
		{B065B619-2E94-4718-AF00-0D8FF2640DCA}.Debug|x86.ActiveCfg = Debug|Any CPU
		{B065B619-2E94-4718-AF00-0D8FF2640DCA}.Debug|x86.Build.0 = Debug|Any CPU
		{B065B619-2E94-4718-AF00-0D8FF2640DCA}.Release|Any CPU.ActiveCfg = Release|Any CPU
		{B065B619-2E94-4718-AF00-0D8FF2640DCA}.Release|Any CPU.Build.0 = Release|Any CPU
		{B065B619-2E94-4718-AF00-0D8FF2640DCA}.Release|ARM.ActiveCfg = Release|Any CPU
		{B065B619-2E94-4718-AF00-0D8FF2640DCA}.Release|ARM.Build.0 = Release|Any CPU
		{B065B619-2E94-4718-AF00-0D8FF2640DCA}.Release|ARM64.ActiveCfg = Release|Any CPU
		{B065B619-2E94-4718-AF00-0D8FF2640DCA}.Release|ARM64.Build.0 = Release|Any CPU
		{B065B619-2E94-4718-AF00-0D8FF2640DCA}.Release|x64.ActiveCfg = Release|Any CPU
		{B065B619-2E94-4718-AF00-0D8FF2640DCA}.Release|x64.Build.0 = Release|Any CPU
		{B065B619-2E94-4718-AF00-0D8FF2640DCA}.Release|x86.ActiveCfg = Release|Any CPU
		{B065B619-2E94-4718-AF00-0D8FF2640DCA}.Release|x86.Build.0 = Release|Any CPU
		{4A44D8AE-B26A-4A3C-A293-771E7D0B8628}.Debug|Any CPU.ActiveCfg = Debug|Any CPU
		{4A44D8AE-B26A-4A3C-A293-771E7D0B8628}.Debug|Any CPU.Build.0 = Debug|Any CPU
		{4A44D8AE-B26A-4A3C-A293-771E7D0B8628}.Debug|ARM.ActiveCfg = Debug|Any CPU
		{4A44D8AE-B26A-4A3C-A293-771E7D0B8628}.Debug|ARM.Build.0 = Debug|Any CPU
		{4A44D8AE-B26A-4A3C-A293-771E7D0B8628}.Debug|ARM64.ActiveCfg = Debug|Any CPU
		{4A44D8AE-B26A-4A3C-A293-771E7D0B8628}.Debug|ARM64.Build.0 = Debug|Any CPU
		{4A44D8AE-B26A-4A3C-A293-771E7D0B8628}.Debug|x64.ActiveCfg = Debug|Any CPU
		{4A44D8AE-B26A-4A3C-A293-771E7D0B8628}.Debug|x64.Build.0 = Debug|Any CPU
		{4A44D8AE-B26A-4A3C-A293-771E7D0B8628}.Debug|x86.ActiveCfg = Debug|Any CPU
		{4A44D8AE-B26A-4A3C-A293-771E7D0B8628}.Debug|x86.Build.0 = Debug|Any CPU
		{4A44D8AE-B26A-4A3C-A293-771E7D0B8628}.Release|Any CPU.ActiveCfg = Release|Any CPU
		{4A44D8AE-B26A-4A3C-A293-771E7D0B8628}.Release|Any CPU.Build.0 = Release|Any CPU
		{4A44D8AE-B26A-4A3C-A293-771E7D0B8628}.Release|ARM.ActiveCfg = Release|Any CPU
		{4A44D8AE-B26A-4A3C-A293-771E7D0B8628}.Release|ARM.Build.0 = Release|Any CPU
		{4A44D8AE-B26A-4A3C-A293-771E7D0B8628}.Release|ARM64.ActiveCfg = Release|Any CPU
		{4A44D8AE-B26A-4A3C-A293-771E7D0B8628}.Release|ARM64.Build.0 = Release|Any CPU
		{4A44D8AE-B26A-4A3C-A293-771E7D0B8628}.Release|x64.ActiveCfg = Release|Any CPU
		{4A44D8AE-B26A-4A3C-A293-771E7D0B8628}.Release|x64.Build.0 = Release|Any CPU
		{4A44D8AE-B26A-4A3C-A293-771E7D0B8628}.Release|x86.ActiveCfg = Release|Any CPU
		{4A44D8AE-B26A-4A3C-A293-771E7D0B8628}.Release|x86.Build.0 = Release|Any CPU
		{ABC7BEDD-49A0-4988-8AD4-505EE386672A}.Debug|Any CPU.ActiveCfg = Debug|x86
		{ABC7BEDD-49A0-4988-8AD4-505EE386672A}.Debug|ARM.ActiveCfg = Debug|ARM
		{ABC7BEDD-49A0-4988-8AD4-505EE386672A}.Debug|ARM.Build.0 = Debug|ARM
		{ABC7BEDD-49A0-4988-8AD4-505EE386672A}.Debug|ARM.Deploy.0 = Debug|ARM
		{ABC7BEDD-49A0-4988-8AD4-505EE386672A}.Debug|ARM64.ActiveCfg = Debug|ARM64
		{ABC7BEDD-49A0-4988-8AD4-505EE386672A}.Debug|ARM64.Build.0 = Debug|ARM64
		{ABC7BEDD-49A0-4988-8AD4-505EE386672A}.Debug|ARM64.Deploy.0 = Debug|ARM64
		{ABC7BEDD-49A0-4988-8AD4-505EE386672A}.Debug|x64.ActiveCfg = Debug|x64
		{ABC7BEDD-49A0-4988-8AD4-505EE386672A}.Debug|x64.Build.0 = Debug|x64
		{ABC7BEDD-49A0-4988-8AD4-505EE386672A}.Debug|x64.Deploy.0 = Debug|x64
		{ABC7BEDD-49A0-4988-8AD4-505EE386672A}.Debug|x86.ActiveCfg = Debug|x86
		{ABC7BEDD-49A0-4988-8AD4-505EE386672A}.Debug|x86.Build.0 = Debug|x86
		{ABC7BEDD-49A0-4988-8AD4-505EE386672A}.Debug|x86.Deploy.0 = Debug|x86
		{ABC7BEDD-49A0-4988-8AD4-505EE386672A}.Release|Any CPU.ActiveCfg = Release|x86
		{ABC7BEDD-49A0-4988-8AD4-505EE386672A}.Release|ARM.ActiveCfg = Release|ARM
		{ABC7BEDD-49A0-4988-8AD4-505EE386672A}.Release|ARM.Build.0 = Release|ARM
		{ABC7BEDD-49A0-4988-8AD4-505EE386672A}.Release|ARM.Deploy.0 = Release|ARM
		{ABC7BEDD-49A0-4988-8AD4-505EE386672A}.Release|ARM64.ActiveCfg = Release|ARM64
		{ABC7BEDD-49A0-4988-8AD4-505EE386672A}.Release|ARM64.Build.0 = Release|ARM64
		{ABC7BEDD-49A0-4988-8AD4-505EE386672A}.Release|ARM64.Deploy.0 = Release|ARM64
		{ABC7BEDD-49A0-4988-8AD4-505EE386672A}.Release|x64.ActiveCfg = Release|x64
		{ABC7BEDD-49A0-4988-8AD4-505EE386672A}.Release|x64.Build.0 = Release|x64
		{ABC7BEDD-49A0-4988-8AD4-505EE386672A}.Release|x64.Deploy.0 = Release|x64
		{ABC7BEDD-49A0-4988-8AD4-505EE386672A}.Release|x86.ActiveCfg = Release|x86
		{ABC7BEDD-49A0-4988-8AD4-505EE386672A}.Release|x86.Build.0 = Release|x86
		{ABC7BEDD-49A0-4988-8AD4-505EE386672A}.Release|x86.Deploy.0 = Release|x86
		{CEFE2052-19F8-4DB6-A1A8-6A9608AD1D09}.Debug|Any CPU.ActiveCfg = Debug|Any CPU
		{CEFE2052-19F8-4DB6-A1A8-6A9608AD1D09}.Debug|Any CPU.Build.0 = Debug|Any CPU
		{CEFE2052-19F8-4DB6-A1A8-6A9608AD1D09}.Debug|ARM.ActiveCfg = Debug|Any CPU
		{CEFE2052-19F8-4DB6-A1A8-6A9608AD1D09}.Debug|ARM.Build.0 = Debug|Any CPU
		{CEFE2052-19F8-4DB6-A1A8-6A9608AD1D09}.Debug|ARM64.ActiveCfg = Debug|Any CPU
		{CEFE2052-19F8-4DB6-A1A8-6A9608AD1D09}.Debug|ARM64.Build.0 = Debug|Any CPU
		{CEFE2052-19F8-4DB6-A1A8-6A9608AD1D09}.Debug|x64.ActiveCfg = Debug|Any CPU
		{CEFE2052-19F8-4DB6-A1A8-6A9608AD1D09}.Debug|x64.Build.0 = Debug|Any CPU
		{CEFE2052-19F8-4DB6-A1A8-6A9608AD1D09}.Debug|x86.ActiveCfg = Debug|Any CPU
		{CEFE2052-19F8-4DB6-A1A8-6A9608AD1D09}.Debug|x86.Build.0 = Debug|Any CPU
		{CEFE2052-19F8-4DB6-A1A8-6A9608AD1D09}.Release|Any CPU.ActiveCfg = Release|Any CPU
		{CEFE2052-19F8-4DB6-A1A8-6A9608AD1D09}.Release|Any CPU.Build.0 = Release|Any CPU
		{CEFE2052-19F8-4DB6-A1A8-6A9608AD1D09}.Release|ARM.ActiveCfg = Release|Any CPU
		{CEFE2052-19F8-4DB6-A1A8-6A9608AD1D09}.Release|ARM.Build.0 = Release|Any CPU
		{CEFE2052-19F8-4DB6-A1A8-6A9608AD1D09}.Release|ARM64.ActiveCfg = Release|Any CPU
		{CEFE2052-19F8-4DB6-A1A8-6A9608AD1D09}.Release|ARM64.Build.0 = Release|Any CPU
		{CEFE2052-19F8-4DB6-A1A8-6A9608AD1D09}.Release|x64.ActiveCfg = Release|Any CPU
		{CEFE2052-19F8-4DB6-A1A8-6A9608AD1D09}.Release|x64.Build.0 = Release|Any CPU
		{CEFE2052-19F8-4DB6-A1A8-6A9608AD1D09}.Release|x86.ActiveCfg = Release|Any CPU
		{CEFE2052-19F8-4DB6-A1A8-6A9608AD1D09}.Release|x86.Build.0 = Release|Any CPU
	EndGlobalSection
	GlobalSection(SolutionProperties) = preSolution
		HideSolutionNode = FALSE
	EndGlobalSection
	GlobalSection(ExtensibilityGlobals) = postSolution
		SolutionGuid = {FF937423-0171-445D-A535-45B4BFBFA50F}
	EndGlobalSection
EndGlobal
