
Microsoft Visual Studio Solution File, Format Version 12.00
# Visual Studio Version 16
VisualStudioVersion = 16.0.30413.136
MinimumVisualStudioVersion = 10.0.40219.1
Project("{FAE04EC0-301F-11D3-BF4B-00C04F79EFBC}") = "C1_Writeline", "C1_Writeline\C1_Writeline.csproj", "{12404D09-1174-4924-8A48-450D68859394}"
EndProject
Global
	GlobalSection(SolutionConfigurationPlatforms) = preSolution
		Debug|Any CPU = Debug|Any CPU
		Release|Any CPU = Release|Any CPU
	EndGlobalSection
	GlobalSection(ProjectConfigurationPlatforms) = postSolution
		{12404D09-1174-4924-8A48-450D68859394}.Debug|Any CPU.ActiveCfg = Debug|Any CPU
		{12404D09-1174-4924-8A48-450D68859394}.Debug|Any CPU.Build.0 = Debug|Any CPU
		{12404D09-1174-4924-8A48-450D68859394}.Release|Any CPU.ActiveCfg = Release|Any CPU
		{12404D09-1174-4924-8A48-450D68859394}.Release|Any CPU.Build.0 = Release|Any CPU
	EndGlobalSection
	GlobalSection(SolutionProperties) = preSolution
		HideSolutionNode = FALSE
	EndGlobalSection
	GlobalSection(ExtensibilityGlobals) = postSolution
		SolutionGuid = {FF937423-0171-445D-A535-45B4BFBFA50F}
	EndGlobalSection
EndGlobal
